
Microsoft Visual Studio Solution File, Format Version 12.00
# Visual Studio Version 17
VisualStudioVersion = 17.11.35327.3
MinimumVisualStudioVersion = 10.0.40219.1
Project("{9A19103F-16F7-4668-BE54-9A1E7A4F7556}") = "lab3", "lab3\lab3.csproj", "{C00273C2-C578-4DA6-BEF5-43D0A6776F3F}"
EndProject
Project("{9A19103F-16F7-4668-BE54-9A1E7A4F7556}") = "Lab3Form", "Lab3Form\Lab3Form.csproj", "{0B323134-2387-4BC0-A628-AC4680F6DEF2}"
EndProject
Global
	GlobalSection(SolutionConfigurationPlatforms) = preSolution
		Debug|Any CPU = Debug|Any CPU
		Release|Any CPU = Release|Any CPU
	EndGlobalSection
	GlobalSection(ProjectConfigurationPlatforms) = postSolution
		{C00273C2-C578-4DA6-BEF5-43D0A6776F3F}.Debug|Any CPU.ActiveCfg = Debug|Any CPU
		{C00273C2-C578-4DA6-BEF5-43D0A6776F3F}.Debug|Any CPU.Build.0 = Debug|Any CPU
		{C00273C2-C578-4DA6-BEF5-43D0A6776F3F}.Release|Any CPU.ActiveCfg = Release|Any CPU
		{C00273C2-C578-4DA6-BEF5-43D0A6776F3F}.Release|Any CPU.Build.0 = Release|Any CPU
		{0B323134-2387-4BC0-A628-AC4680F6DEF2}.Debug|Any CPU.ActiveCfg = Debug|Any CPU
		{0B323134-2387-4BC0-A628-AC4680F6DEF2}.Debug|Any CPU.Build.0 = Debug|Any CPU
		{0B323134-2387-4BC0-A628-AC4680F6DEF2}.Release|Any CPU.ActiveCfg = Release|Any CPU
		{0B323134-2387-4BC0-A628-AC4680F6DEF2}.Release|Any CPU.Build.0 = Release|Any CPU
	EndGlobalSection
	GlobalSection(SolutionProperties) = preSolution
		HideSolutionNode = FALSE
	EndGlobalSection
	GlobalSection(ExtensibilityGlobals) = postSolution
		SolutionGuid = {86B3CA56-BB91-4453-A644-54DB8C393C29}
	EndGlobalSection
EndGlobal
